
Microsoft Visual Studio Solution File, Format Version 12.00
# 
Project("{FAE04EC0-301F-11D3-BF4B-00C04F79EFBC}") = "BlazingTrails.Client", "BlazingTrails.Client\BlazingTrails.Client.csproj", "{8169E5B7-2F37-4AB4-BCBF-45FB5DDB136C}"
EndProject
Project("{FAE04EC0-301F-11D3-BF4B-00C04F79EFBC}") = "BlazingTrails.Api", "BlazingTrails.Api\BlazingTrails.Api.csproj", "{4946C3F2-98E3-45B4-A092-FD6F3DDA3ED1}"
EndProject
Project("{FAE04EC0-301F-11D3-BF4B-00C04F79EFBC}") = "BlazingTrails.Shared", "BlazingTrails.Shared\BlazingTrails.Shared.csproj", "{8D91B127-C5CF-4BC6-B3CB-48B0B5463373}"
EndProject
Project("{FAE04EC0-301F-11D3-BF4B-00C04F79EFBC}") = "BlazingTrails.ComponentLibrary", "BlazingTrails.ComponentLibrary\BlazingTrails.ComponentLibrary.csproj", "{C8BD872B-065E-43FB-B915-C37127CC410F}"
EndProject
Project("{FAE04EC0-301F-11D3-BF4B-00C04F79EFBC}") = "BlazingTrails.Tests", "BlazingTrails.Tests\BlazingTrails.Tests.csproj", "{0C5CA40A-11C9-40A6-8274-F7339671995A}"
EndProject
Global
	GlobalSection(SolutionConfigurationPlatforms) = preSolution
		Debug|Any CPU = Debug|Any CPU
		Release|Any CPU = Release|Any CPU
	EndGlobalSection
	GlobalSection(ProjectConfigurationPlatforms) = postSolution
		{8169E5B7-2F37-4AB4-BCBF-45FB5DDB136C}.Debug|Any CPU.ActiveCfg = Debug|Any CPU
		{8169E5B7-2F37-4AB4-BCBF-45FB5DDB136C}.Debug|Any CPU.Build.0 = Debug|Any CPU
		{8169E5B7-2F37-4AB4-BCBF-45FB5DDB136C}.Release|Any CPU.ActiveCfg = Release|Any CPU
		{8169E5B7-2F37-4AB4-BCBF-45FB5DDB136C}.Release|Any CPU.Build.0 = Release|Any CPU
		{4946C3F2-98E3-45B4-A092-FD6F3DDA3ED1}.Debug|Any CPU.ActiveCfg = Debug|Any CPU
		{4946C3F2-98E3-45B4-A092-FD6F3DDA3ED1}.Debug|Any CPU.Build.0 = Debug|Any CPU
		{4946C3F2-98E3-45B4-A092-FD6F3DDA3ED1}.Release|Any CPU.ActiveCfg = Release|Any CPU
		{4946C3F2-98E3-45B4-A092-FD6F3DDA3ED1}.Release|Any CPU.Build.0 = Release|Any CPU
		{8D91B127-C5CF-4BC6-B3CB-48B0B5463373}.Debug|Any CPU.ActiveCfg = Debug|Any CPU
		{8D91B127-C5CF-4BC6-B3CB-48B0B5463373}.Debug|Any CPU.Build.0 = Debug|Any CPU
		{8D91B127-C5CF-4BC6-B3CB-48B0B5463373}.Release|Any CPU.ActiveCfg = Release|Any CPU
		{8D91B127-C5CF-4BC6-B3CB-48B0B5463373}.Release|Any CPU.Build.0 = Release|Any CPU
		{C8BD872B-065E-43FB-B915-C37127CC410F}.Debug|Any CPU.ActiveCfg = Debug|Any CPU
		{C8BD872B-065E-43FB-B915-C37127CC410F}.Debug|Any CPU.Build.0 = Debug|Any CPU
		{C8BD872B-065E-43FB-B915-C37127CC410F}.Release|Any CPU.ActiveCfg = Release|Any CPU
		{C8BD872B-065E-43FB-B915-C37127CC410F}.Release|Any CPU.Build.0 = Release|Any CPU
		{0C5CA40A-11C9-40A6-8274-F7339671995A}.Debug|Any CPU.ActiveCfg = Debug|Any CPU
		{0C5CA40A-11C9-40A6-8274-F7339671995A}.Debug|Any CPU.Build.0 = Debug|Any CPU
		{0C5CA40A-11C9-40A6-8274-F7339671995A}.Release|Any CPU.ActiveCfg = Release|Any CPU
		{0C5CA40A-11C9-40A6-8274-F7339671995A}.Release|Any CPU.Build.0 = Release|Any CPU
	EndGlobalSection
EndGlobal
